// !$*UTF8*$!
{
	archiveVersion = 1;
	classes = {
	};
	objectVersion = 56;
	objects = {

/* Begin PBXBuildFile section */
		000000000000000000000001 /* AppConfig.swift in Sources */ = {isa = PBXBuildFile; fileRef = 100000000000000000000001 /* AppConfig.swift */; };
		000000000000000000000002 /* SleepGuard.swift in Sources */ = {isa = PBXBuildFile; fileRef = 100000000000000000000002 /* SleepGuard.swift */; };
		000000000000000000000003 /* AppMatcher.swift in Sources */ = {isa = PBXBuildFile; fileRef = 100000000000000000000003 /* AppMatcher.swift */; };
		000000000000000000000004 /* AppSelectorWindow.swift in Sources */ = {isa = PBXBuildFile; fileRef = 100000000000000000000004 /* AppSelectorWindow.swift */; };
		000000000000000000000005 /* AppDelegate.swift in Sources */ = {isa = PBXBuildFile; fileRef = 100000000000000000000005 /* AppDelegate.swift */; };
		000000000000000000000006 /* main.swift in Sources */ = {isa = PBXBuildFile; fileRef = 100000000000000000000006 /* main.swift */; };
		000000000000000000000007 /* MenuBarIcon.png in Resources */ = {isa = PBXBuildFile; fileRef = 100000000000000000000007 /* MenuBarIcon.png */; };
		000000000000000000000008 /* AppIcon.xcassets in Resources */ = {isa = PBXBuildFile; fileRef = 100000000000000000000008 /* AppIcon.xcassets */; };
/* End PBXBuildFile section */

/* Begin PBXFileReference section */
		100000000000000000000001 /* AppConfig.swift */ = {isa = PBXFileReference; lastKnownFileType = sourcecode.swift; path = AppConfig.swift; sourceTree = "<group>"; };
		100000000000000000000002 /* SleepGuard.swift */ = {isa = PBXFileReference; lastKnownFileType = sourcecode.swift; path = SleepGuard.swift; sourceTree = "<group>"; };
		100000000000000000000003 /* AppMatcher.swift */ = {isa = PBXFileReference; lastKnownFileType = sourcecode.swift; path = AppMatcher.swift; sourceTree = "<group>"; };
		100000000000000000000004 /* AppSelectorWindow.swift */ = {isa = PBXFileReference; lastKnownFileType = sourcecode.swift; path = AppSelectorWindow.swift; sourceTree = "<group>"; };
		100000000000000000000005 /* AppDelegate.swift */ = {isa = PBXFileReference; lastKnownFileType = sourcecode.swift; path = AppDelegate.swift; sourceTree = "<group>"; };
		100000000000000000000006 /* main.swift */ = {isa = PBXFileReference; lastKnownFileType = sourcecode.swift; path = main.swift; sourceTree = "<group>"; };
		100000000000000000000007 /* MenuBarIcon.png */ = {isa = PBXFileReference; lastKnownFileType = image.png; path = MenuBarIcon.png; sourceTree = "<group>"; };
		100000000000000000000008 /* AppIcon.xcassets */ = {isa = PBXFileReference; lastKnownFileType = folder.assetcatalog; path = AppIcon.xcassets; sourceTree = "<group>"; };
		100000000000000000000009 /* KeepAwake.entitlements */ = {isa = PBXFileReference; lastKnownFileType = text.plist.entitlements; path = KeepAwake.entitlements; sourceTree = "<group>"; };
		10000000000000000000000A /* KeepAwake.app */ = {isa = PBXFileReference; explicitFileType = wrapper.application; includeInIndex = 0; path = KeepAwake.app; sourceTree = BUILT_PRODUCTS_DIR; };
		10000000000000000000000B /* Info.plist */ = {isa = PBXFileReference; lastKnownFileType = text.plist.xml; path = Info.plist; sourceTree = "<group>"; };
/* End PBXFileReference section */

/* Begin PBXFrameworksBuildPhase section */
		200000000000000000000001 /* Frameworks */ = {
			isa = PBXFrameworksBuildPhase;
			buildActionMask = 2147483647;
			files = (
			);
			runOnlyForDeploymentPostprocessing = 0;
		};
/* End PBXFrameworksBuildPhase section */

/* Begin PBXGroup section */
		300000000000000000000001 = {
			isa = PBXGroup;
			children = (
				300000000000000000000002 /* Sources */,
				300000000000000000000003 /* Resources */,
				10000000000000000000000B /* Info.plist */,
				100000000000000000000009 /* KeepAwake.entitlements */,
				300000000000000000000004 /* Products */,
			);
			sourceTree = "<group>";
		};
		300000000000000000000002 /* Sources */ = {
			isa = PBXGroup;
			children = (
				100000000000000000000001 /* AppConfig.swift */,
				100000000000000000000002 /* SleepGuard.swift */,
				100000000000000000000003 /* AppMatcher.swift */,
				100000000000000000000004 /* AppSelectorWindow.swift */,
				100000000000000000000005 /* AppDelegate.swift */,
				100000000000000000000006 /* main.swift */,
				100000000000000000000007 /* MenuBarIcon.png */,
			);
			path = Sources/KeepAwake;
			sourceTree = "<group>";
		};
		300000000000000000000003 /* Resources */ = {
			isa = PBXGroup;
			children = (
				100000000000000000000008 /* AppIcon.xcassets */,
			);
			path = Resources;
			sourceTree = "<group>";
		};
		300000000000000000000004 /* Products */ = {
			isa = PBXGroup;
			children = (
				10000000000000000000000A /* KeepAwake.app */,
			);
			name = Products;
			sourceTree = "<group>";
		};
/* End PBXGroup section */

/* Begin PBXNativeTarget section */
		400000000000000000000001 /* KeepAwake */ = {
			isa = PBXNativeTarget;
			buildConfigurationList = 900000000000000000000002 /* Build configuration list for PBXNativeTarget "KeepAwake" */;
			buildPhases = (
				500000000000000000000001 /* Sources */,
				200000000000000000000001 /* Frameworks */,
				500000000000000000000002 /* Resources */,
			);
			buildRules = (
			);
			dependencies = (
			);
			name = KeepAwake;
			productName = KeepAwake;
			productReference = 10000000000000000000000A /* KeepAwake.app */;
			productType = "com.apple.product-type.application";
		};
/* End PBXNativeTarget section */

/* Begin PBXProject section */
		600000000000000000000001 /* Project object */ = {
			isa = PBXProject;
			attributes = {
				BuildIndependentTargetsInParallel = 1;
				LastSwiftUpdateCheck = 2660;
				LastUpgradeCheck = 2660;
				TargetAttributes = {
					400000000000000000000001 = {
						CreatedOnToolsVersion = 26.6;
					};
				};
			};
			buildConfigurationList = 900000000000000000000001 /* Build configuration list for PBXProject "KeepAwake" */;
			compatibilityVersion = "Xcode 14.0";
			developmentRegion = zh_CN;
			hasScannedForEncodings = 0;
			knownRegions = (
				zh_CN,
				en,
				Base,
			);
			mainGroup = 300000000000000000000001;
			productRefGroup = 300000000000000000000004 /* Products */;
			projectDirPath = "";
			projectRoot = "";
			targets = (
				400000000000000000000001 /* KeepAwake */,
			);
		};
/* End PBXProject section */

/* Begin PBXResourcesBuildPhase section */
		500000000000000000000002 /* Resources */ = {
			isa = PBXResourcesBuildPhase;
			buildActionMask = 2147483647;
			files = (
				000000000000000000000007 /* MenuBarIcon.png in Resources */,
				000000000000000000000008 /* AppIcon.xcassets in Resources */,
			);
			runOnlyForDeploymentPostprocessing = 0;
		};
/* End PBXResourcesBuildPhase section */

/* Begin PBXSourcesBuildPhase section */
		500000000000000000000001 /* Sources */ = {
			isa = PBXSourcesBuildPhase;
			buildActionMask = 2147483647;
			files = (
				000000000000000000000001 /* AppConfig.swift in Sources */,
				000000000000000000000002 /* SleepGuard.swift in Sources */,
				000000000000000000000003 /* AppMatcher.swift in Sources */,
				000000000000000000000004 /* AppSelectorWindow.swift in Sources */,
				000000000000000000000005 /* AppDelegate.swift in Sources */,
				000000000000000000000006 /* main.swift in Sources */,
			);
			runOnlyForDeploymentPostprocessing = 0;
		};
/* End PBXSourcesBuildPhase section */

/* Begin XCBuildConfiguration section */
		800000000000000000000001 /* Debug */ = {
			isa = XCBuildConfiguration;
			buildSettings = {
				ALWAYS_SEARCH_USER_PATHS = NO;
				CLANG_CXX_LANGUAGE_STANDARD = "gnu++20";
				CLANG_ENABLE_MODULES = YES;
				CLANG_ENABLE_OBJC_ARC = YES;
				COPY_PHASE_STRIP = NO;
				DEBUG_INFORMATION_FORMAT = dwarf;
				ENABLE_TESTABILITY = YES;
				GCC_C_LANGUAGE_STANDARD = gnu17;
				GCC_OPTIMIZATION_LEVEL = 0;
				ONLY_ACTIVE_ARCH = YES;
				SDKROOT = macosx;
				SWIFT_ACTIVE_COMPILATION_CONDITIONS = "DEBUG $(inherited)";
				SWIFT_OPTIMIZATION_LEVEL = "-Onone";
			};
			name = Debug;
		};
		800000000000000000000002 /* Release */ = {
			isa = XCBuildConfiguration;
			buildSettings = {
				ALWAYS_SEARCH_USER_PATHS = NO;
				CLANG_CXX_LANGUAGE_STANDARD = "gnu++20";
				CLANG_ENABLE_MODULES = YES;
				CLANG_ENABLE_OBJC_ARC = YES;
				COPY_PHASE_STRIP = NO;
				DEBUG_INFORMATION_FORMAT = "dwarf-with-dsym";
				ENABLE_NS_ASSERTIONS = NO;
				GCC_C_LANGUAGE_STANDARD = gnu17;
				SDKROOT = macosx;
				SWIFT_COMPILATION_MODE = wholemodule;
		};
			name = Release;
		};
		800000000000000000000003 /* Debug */ = {
			isa = XCBuildConfiguration;
			buildSettings = {
				ASSETCATALOG_COMPILER_APPICON_NAME = AppIcon;
				CODE_SIGN_ENTITLEMENTS = KeepAwake.entitlements;
				CODE_SIGN_STYLE = Automatic;
				COMBINE_HIDPI_IMAGES = YES;
				CURRENT_PROJECT_VERSION = 3;
				DEVELOPMENT_TEAM = 4BHPD976HX;
				ENABLE_APP_SANDBOX = YES;
				ENABLE_HARDENED_RUNTIME = YES;
				ENABLE_USER_SCRIPT_SANDBOXING = YES;
				GENERATE_INFOPLIST_FILE = NO;
				INFOPLIST_FILE = Info.plist;
				LD_RUNPATH_SEARCH_PATHS = "$(inherited) @executable_path/../Frameworks";
				MACOSX_DEPLOYMENT_TARGET = 13.0;
				MARKETING_VERSION = 1.1.1;
				PRODUCT_BUNDLE_IDENTIFIER = com.starshoreai.keepawake;
				PRODUCT_NAME = "$(TARGET_NAME)";
				SWIFT_EMIT_LOC_STRINGS = YES;
				SWIFT_VERSION = 5.0;
			};
			name = Debug;
		};
		800000000000000000000004 /* Release */ = {
			isa = XCBuildConfiguration;
			buildSettings = {
				ASSETCATALOG_COMPILER_APPICON_NAME = AppIcon;
				CODE_SIGN_ENTITLEMENTS = KeepAwake.entitlements;
				CODE_SIGN_STYLE = Automatic;
				COMBINE_HIDPI_IMAGES = YES;
				CURRENT_PROJECT_VERSION = 3;
				DEVELOPMENT_TEAM = 4BHPD976HX;
				ENABLE_APP_SANDBOX = YES;
				ENABLE_HARDENED_RUNTIME = YES;
				ENABLE_USER_SCRIPT_SANDBOXING = YES;
				GENERATE_INFOPLIST_FILE = NO;
				INFOPLIST_FILE = Info.plist;
				LD_RUNPATH_SEARCH_PATHS = "$(inherited) @executable_path/../Frameworks";
				MACOSX_DEPLOYMENT_TARGET = 13.0;
				MARKETING_VERSION = 1.1.1;
				PRODUCT_BUNDLE_IDENTIFIER = com.starshoreai.keepawake;
				PRODUCT_NAME = "$(TARGET_NAME)";
				SWIFT_EMIT_LOC_STRINGS = YES;
				SWIFT_VERSION = 5.0;
			};
			name = Release;
		};
/* End XCBuildConfiguration section */

/* Begin XCConfigurationList section */
		900000000000000000000001 /* Build configuration list for PBXProject "KeepAwake" */ = {
			isa = XCConfigurationList;
			buildConfigurations = (
				800000000000000000000001 /* Debug */,
				800000000000000000000002 /* Release */,
			);
			defaultConfigurationIsVisible = 0;
			defaultConfigurationName = Release;
		};
		900000000000000000000002 /* Build configuration list for PBXNativeTarget "KeepAwake" */ = {
			isa = XCConfigurationList;
			buildConfigurations = (
				800000000000000000000003 /* Debug */,
				800000000000000000000004 /* Release */,
			);
			defaultConfigurationIsVisible = 0;
			defaultConfigurationName = Release;
		};
/* End XCConfigurationList section */
	};
	rootObject = 600000000000000000000001 /* Project object */;
}
